
Microsoft Visual Studio Solution File, Format Version 12.00
# Visual Studio Version 17
VisualStudioVersion = 17.10.35013.160
MinimumVisualStudioVersion = 10.0.40219.1
Project("{8BC9CEB8-8B4A-11D0-8D11-00A0C91BC942}") = "thefirst", "thefirst\thefirst.vcxproj", "{8250EB1D-C0F5-483A-B1E9-F36B045B1999}"
EndProject
Project("{8BC9CEB8-8B4A-11D0-8D11-00A0C91BC942}") = "thesecond", "thesecond\thesecond.vcxproj", "{EAD95D3C-2B9C-4F78-ABA8-C9BDF23E5E2E}"
EndProject
Project("{8BC9CEB8-8B4A-11D0-8D11-00A0C91BC942}") = "thethird", "thethird\thethird.vcxproj", "{1CC65D1E-58F4-4408-9338-C107849E4693}"
EndProject
Project("{8BC9CEB8-8B4A-11D0-8D11-00A0C91BC942}") = "thefourth", "thefourth\thefourth.vcxproj", "{21AC014A-A9E4-4BC8-B249-D34AF5949F1B}"
EndProject
Project("{8BC9CEB8-8B4A-11D0-8D11-00A0C91BC942}") = "thefifth", "thefifth\thefifth.vcxproj", "{5A2FDE74-9089-4B2D-A96E-A0CCAC6A9047}"
EndProject
Project("{8BC9CEB8-8B4A-11D0-8D11-00A0C91BC942}") = "thesixth", "thesixth\thesixth.vcxproj", "{E014B577-91E7-4798-8406-D2146CD41189}"
EndProject
Global
	GlobalSection(SolutionConfigurationPlatforms) = preSolution
		Debug|Any CPU = Debug|Any CPU
		Debug|x64 = Debug|x64
		Debug|x86 = Debug|x86
		Release|Any CPU = Release|Any CPU
		Release|x64 = Release|x64
		Release|x86 = Release|x86
	EndGlobalSection
	GlobalSection(ProjectConfigurationPlatforms) = postSolution
		{8250EB1D-C0F5-483A-B1E9-F36B045B1999}.Debug|Any CPU.ActiveCfg = Debug|x64
		{8250EB1D-C0F5-483A-B1E9-F36B045B1999}.Debug|Any CPU.Build.0 = Debug|x64
		{8250EB1D-C0F5-483A-B1E9-F36B045B1999}.Debug|x64.ActiveCfg = Debug|x64
		{8250EB1D-C0F5-483A-B1E9-F36B045B1999}.Debug|x64.Build.0 = Debug|x64
		{8250EB1D-C0F5-483A-B1E9-F36B045B1999}.Debug|x86.ActiveCfg = Debug|Win32
		{8250EB1D-C0F5-483A-B1E9-F36B045B1999}.Debug|x86.Build.0 = Debug|Win32
		{8250EB1D-C0F5-483A-B1E9-F36B045B1999}.Release|Any CPU.ActiveCfg = Release|x64
		{8250EB1D-C0F5-483A-B1E9-F36B045B1999}.Release|Any CPU.Build.0 = Release|x64
		{8250EB1D-C0F5-483A-B1E9-F36B045B1999}.Release|x64.ActiveCfg = Release|x64
		{8250EB1D-C0F5-483A-B1E9-F36B045B1999}.Release|x64.Build.0 = Release|x64
		{8250EB1D-C0F5-483A-B1E9-F36B045B1999}.Release|x86.ActiveCfg = Release|Win32
		{8250EB1D-C0F5-483A-B1E9-F36B045B1999}.Release|x86.Build.0 = Release|Win32
		{EAD95D3C-2B9C-4F78-ABA8-C9BDF23E5E2E}.Debug|Any CPU.ActiveCfg = Debug|x64
		{EAD95D3C-2B9C-4F78-ABA8-C9BDF23E5E2E}.Debug|Any CPU.Build.0 = Debug|x64
		{EAD95D3C-2B9C-4F78-ABA8-C9BDF23E5E2E}.Debug|x64.ActiveCfg = Debug|x64
		{EAD95D3C-2B9C-4F78-ABA8-C9BDF23E5E2E}.Debug|x64.Build.0 = Debug|x64
		{EAD95D3C-2B9C-4F78-ABA8-C9BDF23E5E2E}.Debug|x86.ActiveCfg = Debug|Win32
		{EAD95D3C-2B9C-4F78-ABA8-C9BDF23E5E2E}.Debug|x86.Build.0 = Debug|Win32
		{EAD95D3C-2B9C-4F78-ABA8-C9BDF23E5E2E}.Release|Any CPU.ActiveCfg = Release|x64
		{EAD95D3C-2B9C-4F78-ABA8-C9BDF23E5E2E}.Release|Any CPU.Build.0 = Release|x64
		{EAD95D3C-2B9C-4F78-ABA8-C9BDF23E5E2E}.Release|x64.ActiveCfg = Release|x64
		{EAD95D3C-2B9C-4F78-ABA8-C9BDF23E5E2E}.Release|x64.Build.0 = Release|x64
		{EAD95D3C-2B9C-4F78-ABA8-C9BDF23E5E2E}.Release|x86.ActiveCfg = Release|Win32
		{EAD95D3C-2B9C-4F78-ABA8-C9BDF23E5E2E}.Release|x86.Build.0 = Release|Win32
		{1CC65D1E-58F4-4408-9338-C107849E4693}.Debug|Any CPU.ActiveCfg = Debug|x64
		{1CC65D1E-58F4-4408-9338-C107849E4693}.Debug|Any CPU.Build.0 = Debug|x64
		{1CC65D1E-58F4-4408-9338-C107849E4693}.Debug|x64.ActiveCfg = Debug|x64
		{1CC65D1E-58F4-4408-9338-C107849E4693}.Debug|x64.Build.0 = Debug|x64
		{1CC65D1E-58F4-4408-9338-C107849E4693}.Debug|x86.ActiveCfg = Debug|Win32
		{1CC65D1E-58F4-4408-9338-C107849E4693}.Debug|x86.Build.0 = Debug|Win32
		{1CC65D1E-58F4-4408-9338-C107849E4693}.Release|Any CPU.ActiveCfg = Release|x64
		{1CC65D1E-58F4-4408-9338-C107849E4693}.Release|Any CPU.Build.0 = Release|x64
		{1CC65D1E-58F4-4408-9338-C107849E4693}.Release|x64.ActiveCfg = Release|x64
		{1CC65D1E-58F4-4408-9338-C107849E4693}.Release|x64.Build.0 = Release|x64
		{1CC65D1E-58F4-4408-9338-C107849E4693}.Release|x86.ActiveCfg = Release|Win32
		{1CC65D1E-58F4-4408-9338-C107849E4693}.Release|x86.Build.0 = Release|Win32
		{21AC014A-A9E4-4BC8-B249-D34AF5949F1B}.Debug|Any CPU.ActiveCfg = Debug|x64
		{21AC014A-A9E4-4BC8-B249-D34AF5949F1B}.Debug|Any CPU.Build.0 = Debug|x64
		{21AC014A-A9E4-4BC8-B249-D34AF5949F1B}.Debug|x64.ActiveCfg = Debug|x64
		{21AC014A-A9E4-4BC8-B249-D34AF5949F1B}.Debug|x64.Build.0 = Debug|x64
		{21AC014A-A9E4-4BC8-B249-D34AF5949F1B}.Debug|x86.ActiveCfg = Debug|Win32
		{21AC014A-A9E4-4BC8-B249-D34AF5949F1B}.Debug|x86.Build.0 = Debug|Win32
		{21AC014A-A9E4-4BC8-B249-D34AF5949F1B}.Release|Any CPU.ActiveCfg = Release|x64
		{21AC014A-A9E4-4BC8-B249-D34AF5949F1B}.Release|Any CPU.Build.0 = Release|x64
		{21AC014A-A9E4-4BC8-B249-D34AF5949F1B}.Release|x64.ActiveCfg = Release|x64
		{21AC014A-A9E4-4BC8-B249-D34AF5949F1B}.Release|x64.Build.0 = Release|x64
		{21AC014A-A9E4-4BC8-B249-D34AF5949F1B}.Release|x86.ActiveCfg = Release|Win32
		{21AC014A-A9E4-4BC8-B249-D34AF5949F1B}.Release|x86.Build.0 = Release|Win32
		{5A2FDE74-9089-4B2D-A96E-A0CCAC6A9047}.Debug|Any CPU.ActiveCfg = Debug|x64
		{5A2FDE74-9089-4B2D-A96E-A0CCAC6A9047}.Debug|Any CPU.Build.0 = Debug|x64
		{5A2FDE74-9089-4B2D-A96E-A0CCAC6A9047}.Debug|x64.ActiveCfg = Debug|x64
		{5A2FDE74-9089-4B2D-A96E-A0CCAC6A9047}.Debug|x64.Build.0 = Debug|x64
		{5A2FDE74-9089-4B2D-A96E-A0CCAC6A9047}.Debug|x86.ActiveCfg = Debug|Win32
		{5A2FDE74-9089-4B2D-A96E-A0CCAC6A9047}.Debug|x86.Build.0 = Debug|Win32
		{5A2FDE74-9089-4B2D-A96E-A0CCAC6A9047}.Release|Any CPU.ActiveCfg = Release|x64
		{5A2FDE74-9089-4B2D-A96E-A0CCAC6A9047}.Release|Any CPU.Build.0 = Release|x64
		{5A2FDE74-9089-4B2D-A96E-A0CCAC6A9047}.Release|x64.ActiveCfg = Release|x64
		{5A2FDE74-9089-4B2D-A96E-A0CCAC6A9047}.Release|x64.Build.0 = Release|x64
		{5A2FDE74-9089-4B2D-A96E-A0CCAC6A9047}.Release|x86.ActiveCfg = Release|Win32
		{5A2FDE74-9089-4B2D-A96E-A0CCAC6A9047}.Release|x86.Build.0 = Release|Win32
		{E014B577-91E7-4798-8406-D2146CD41189}.Debug|Any CPU.ActiveCfg = Debug|x64
		{E014B577-91E7-4798-8406-D2146CD41189}.Debug|Any CPU.Build.0 = Debug|x64
		{E014B577-91E7-4798-8406-D2146CD41189}.Debug|x64.ActiveCfg = Debug|x64
		{E014B577-91E7-4798-8406-D2146CD41189}.Debug|x64.Build.0 = Debug|x64
		{E014B577-91E7-4798-8406-D2146CD41189}.Debug|x86.ActiveCfg = Debug|Win32
		{E014B577-91E7-4798-8406-D2146CD41189}.Debug|x86.Build.0 = Debug|Win32
		{E014B577-91E7-4798-8406-D2146CD41189}.Release|Any CPU.ActiveCfg = Release|x64
		{E014B577-91E7-4798-8406-D2146CD41189}.Release|Any CPU.Build.0 = Release|x64
		{E014B577-91E7-4798-8406-D2146CD41189}.Release|x64.ActiveCfg = Release|x64
		{E014B577-91E7-4798-8406-D2146CD41189}.Release|x64.Build.0 = Release|x64
		{E014B577-91E7-4798-8406-D2146CD41189}.Release|x86.ActiveCfg = Release|Win32
		{E014B577-91E7-4798-8406-D2146CD41189}.Release|x86.Build.0 = Release|Win32
	EndGlobalSection
	GlobalSection(SolutionProperties) = preSolution
		HideSolutionNode = FALSE
	EndGlobalSection
	GlobalSection(ExtensibilityGlobals) = postSolution
		SolutionGuid = {57D43D2A-89E0-4E8E-94FC-7FA38E0E5E81}
	EndGlobalSection
EndGlobal
